
Microsoft Visual Studio Solution File, Format Version 12.00
# Visual Studio 14
VisualStudioVersion = 14.0.23107.0
MinimumVisualStudioVersion = 10.0.40219.1
Project("{FAE04EC0-301F-11D3-BF4B-00C04F79EFBC}") = "OverLoad", "OverLoad.csproj", "{55D4ED19-F70A-453A-BA65-954FA77ED200}"
EndProject
Project("{54435603-DBB4-11D2-8724-00A0C9A8B90C}") = "OverLoad Client Ver 2.0", "..\OverLoad Client Ver 2.0\OverLoad Client Ver 2.0.vdproj", "{74933816-2346-4817-AB00-90FA6956874D}"
EndProject
Global
	GlobalSection(SolutionConfigurationPlatforms) = preSolution
		Debug|Any CPU = Debug|Any CPU
		Release|Any CPU = Release|Any CPU
	EndGlobalSection
	GlobalSection(ProjectConfigurationPlatforms) = postSolution
		{55D4ED19-F70A-453A-BA65-954FA77ED200}.Debug|Any CPU.ActiveCfg = Debug|Any CPU
		{55D4ED19-F70A-453A-BA65-954FA77ED200}.Debug|Any CPU.Build.0 = Debug|Any CPU
		{55D4ED19-F70A-453A-BA65-954FA77ED200}.Release|Any CPU.ActiveCfg = Release|Any CPU
		{55D4ED19-F70A-453A-BA65-954FA77ED200}.Release|Any CPU.Build.0 = Release|Any CPU
		{55D4ED19-F70A-453A-BA65-954FA77ED200}.Release|Any CPU.Deploy.0 = Release|Any CPU
		{74933816-2346-4817-AB00-90FA6956874D}.Debug|Any CPU.ActiveCfg = Debug
		{74933816-2346-4817-AB00-90FA6956874D}.Release|Any CPU.ActiveCfg = Release
	EndGlobalSection
	GlobalSection(SolutionProperties) = preSolution
		HideSolutionNode = FALSE
	EndGlobalSection
EndGlobal
